{
  "originHash" : "13faf45812e3b76e588a63a593a41f5e669b2c470705198d101004cb40d000ab",
  "pins" : [
    {
      "identity" : "alamofire",
      "kind" : "remoteSourceControl",
      "location" : "https://github.com/Alamofire/Alamofire.git",
      "state" : {
        "revision" : "3f99050e75bbc6fe71fc323adabb039756680016",
        "version" : "5.11.1"
      }
    },
    {
      "identity" : "eventsource",
      "kind" : "remoteSourceControl",
      "location" : "https://github.com/Recouse/EventSource.git",
      "state" : {
        "revision" : "713f8c0a0270a80a968c007ddc0d6067e80a5393",
        "version" : "0.1.7"
      }
    }
  ],
  "version" : 3
}
