{
  "originHash" : "042136b5bdcd313a49c4a51e0d8f8db369fc3800f21cb01d862d4b5d8c4beb4c",
  "pins" : [
    {
      "identity" : "apple-backend",
      "kind" : "remoteSourceControl",
      "location" : "https://github.com/water-rs/apple-backend.git",
      "state" : {
        "revision" : "c0c39a4a2a0c26a2e6835a4c8b695f50f8ae874c"
      }
    }
  ],
  "version" : 3
}
